
Microsoft Visual Studio Solution File, Format Version 12.00
# Visual Studio Version 16
VisualStudioVersion = 16.0.31313.79
MinimumVisualStudioVersion = 10.0.40219.1
Project("{FAE04EC0-301F-11D3-BF4B-00C04F79EFBC}") = "Wash", "Wash\Wash.csproj", "{0C041E8E-A113-4220-8C67-4C5E017E9426}"
EndProject
Global
	GlobalSection(SolutionConfigurationPlatforms) = preSolution
		Debug|Any CPU = Debug|Any CPU
		Release|Any CPU = Release|Any CPU
	EndGlobalSection
	GlobalSection(ProjectConfigurationPlatforms) = postSolution
		{0C041E8E-A113-4220-8C67-4C5E017E9426}.Debug|Any CPU.ActiveCfg = Debug|Any CPU
		{0C041E8E-A113-4220-8C67-4C5E017E9426}.Debug|Any CPU.Build.0 = Debug|Any CPU
		{0C041E8E-A113-4220-8C67-4C5E017E9426}.Release|Any CPU.ActiveCfg = Release|Any CPU
		{0C041E8E-A113-4220-8C67-4C5E017E9426}.Release|Any CPU.Build.0 = Release|Any CPU
	EndGlobalSection
	GlobalSection(SolutionProperties) = preSolution
		HideSolutionNode = FALSE
	EndGlobalSection
	GlobalSection(ExtensibilityGlobals) = postSolution
		SolutionGuid = {CA29EA30-9942-4478-8B85-0ECF3383CA9A}
	EndGlobalSection
EndGlobal
